PODS:
  - MapboxCommon (23.11.0)
  - MapboxCoreMaps (10.19.1):
    - MapboxCommon (~> 23.11)
  - MapboxMaps (10.19.0):
    - MapboxCommon (= 23.11.0)
    - MapboxCoreMaps (= 10.19.1)
    - MapboxMobileEvents (= 2.0.0)
    - Turf (= 2.8.0)
  - MapboxMobileEvents (2.0.0)
  - Turf (2.8.0)

DEPENDENCIES:
  - MapboxMaps (~> 10.0)

SPEC REPOS:
  trunk:
    - MapboxCommon
    - MapboxCoreMaps
    - MapboxMaps
    - MapboxMobileEvents
    - Turf

SPEC CHECKSUMS:
  MapboxCommon: 119f3759f7dc9457f0695848108ab323eb643cb4
  MapboxCoreMaps: ca17f67baced23f8c952166ac6314c35bad3f66c
  MapboxMaps: b7f29ec7c33f7dc6d2947c1148edce6db81db9a7
  MapboxMobileEvents: d044b9edbe0ec7df60f6c2c9634fe9a7f449266b
  Turf: aa2ede4298009639d10db36aba1a7ebaad072a5e

PODFILE CHECKSUM: 18aa97f53187cd21d3122c125bd71b82553316b8

COCOAPODS: 1.14.3
